<?xml version="1.0" encoding="utf-8"?>
<Project ToolsVersion="4.0" xmlns="http://schemas.microsoft.com/developer/msbuild/2003">
  <ItemGroup>
    <Filter Include="소스 파일">
      <UniqueIdentifier>{4FC737F1-C7A5-4376-A066-2A32D752A2FF}</UniqueIdentifier>
      <Extensions>cpp;c;cc;cxx;c++;cppm;ixx;def;odl;idl;hpj;bat;asm;asmx</Extensions>
    </Filter>
    <Filter Include="헤더 파일">
      <UniqueIdentifier>{93995380-89BD-4b04-88EB-625FBE52EBFB}</UniqueIdentifier>
      <Extensions>h;hh;hpp;hxx;h++;hm;inl;inc;ipp;xsd</Extensions>
    </Filter>
    <Filter Include="리소스 파일">
      <UniqueIdentifier>{67DA6AB6-F800-4c08-8B7A-83BB121AAD01}</UniqueIdentifier>
      <Extensions>rc;ico;cur;bmp;dlg;rc2;rct;bin;rgs;gif;jpg;jpeg;jpe;resx;tiff;tif;png;wav;mfcribbon-ms</Extensions>
    </Filter>
    <Filter Include="Array">
      <UniqueIdentifier>{f646466b-7f96-4597-8ff6-e70d6b675002}</UniqueIdentifier>
    </Filter>
    <Filter Include="LinkedList">
      <UniqueIdentifier>{7abe2492-7403-48e3-9632-7782bbb59dc8}</UniqueIdentifier>
    </Filter>
    <Filter Include="BST">
      <UniqueIdentifier>{4c0a2f7d-8a35-463c-979b-4bcc54d1312e}</UniqueIdentifier>
    </Filter>
  </ItemGroup>
  <ItemGroup>
    <ClCompile Include="Arr.cpp">
      <Filter>Array</Filter>
    </ClCompile>
    <ClCompile Include="listMain.cpp">
      <Filter>LinkedList</Filter>
    </ClCompile>
    <ClCompile Include="main.cpp" />
    <ClCompile Include="LinkedList.cpp">
      <Filter>LinkedList</Filter>
    </ClCompile>
    <ClCompile Include="main_2.cpp" />
  </ItemGroup>
  <ItemGroup>
    <ClInclude Include="Arr.h">
      <Filter>Array</Filter>
    </ClInclude>
    <ClInclude Include="LinkedList.h">
      <Filter>LinkedList</Filter>
    </ClInclude>
    <ClInclude Include="CArr.h">
      <Filter>Array</Filter>
    </ClInclude>
    <ClInclude Include="CList.h">
      <Filter>LinkedList</Filter>
    </ClInclude>
    <ClInclude Include="CBST.h">
      <Filter>헤더 파일</Filter>
    </ClInclude>
  </ItemGroup>
</Project>